// !$*UTF8*$!
{
	archiveVersion = 1;
	classes = {
	};
	objectVersion = 56;
	objects = {

/* Begin PBXBuildFile section */
		984239782AC8E35C009E8D7D /* TicTacToeJobberApp.swift in Sources */ = {isa = PBXBuildFile; fileRef = 984239772AC8E35C009E8D7D /* TicTacToeJobberApp.swift */; };
		9842397A2AC8E35C009E8D7D /* ContentView.swift in Sources */ = {isa = PBXBuildFile; fileRef = 984239792AC8E35C009E8D7D /* ContentView.swift */; };
		9842397C2AC8E35E009E8D7D /* Assets.xcassets in Resources */ = {isa = PBXBuildFile; fileRef = 9842397B2AC8E35E009E8D7D /* Assets.xcassets */; };
		9842397F2AC8E35E009E8D7D /* Preview Assets.xcassets in Resources */ = {isa = PBXBuildFile; fileRef = 9842397E2AC8E35E009E8D7D /* Preview Assets.xcassets */; };
		984239862AC8E51D009E8D7D /* README.md in Resources */ = {isa = PBXBuildFile; fileRef = 984239852AC8E51D009E8D7D /* README.md */; };
		9842398A2AC8EA43009E8D7D /* CellView.swift in Sources */ = {isa = PBXBuildFile; fileRef = 984239892AC8EA43009E8D7D /* CellView.swift */; };
		9842398D2AC8EA7C009E8D7D /* Mark.swift in Sources */ = {isa = PBXBuildFile; fileRef = 9842398C2AC8EA7C009E8D7D /* Mark.swift */; };
		9842398F2AC8EB3F009E8D7D /* GameViewModel.swift in Sources */ = {isa = PBXBuildFile; fileRef = 9842398E2AC8EB3F009E8D7D /* GameViewModel.swift */; };
		984239912AC8ECAA009E8D7D /* Constants.swift in Sources */ = {isa = PBXBuildFile; fileRef = 984239902AC8ECAA009E8D7D /* Constants.swift */; };
		984239992AC8F199009E8D7D /* CellMarkingTests.swift in Sources */ = {isa = PBXBuildFile; fileRef = 984239982AC8F199009E8D7D /* CellMarkingTests.swift */; };
		984239A02AC8F3C8009E8D7D /* BoardStateTests.swift in Sources */ = {isa = PBXBuildFile; fileRef = 9842399F2AC8F3C8009E8D7D /* BoardStateTests.swift */; };
/* End PBXBuildFile section */

/* Begin PBXContainerItemProxy section */
		9842399A2AC8F199009E8D7D /* PBXContainerItemProxy */ = {
			isa = PBXContainerItemProxy;
			containerPortal = 9842396C2AC8E35C009E8D7D /* Project object */;
			proxyType = 1;
			remoteGlobalIDString = 984239732AC8E35C009E8D7D;
			remoteInfo = TicTacToeJobber;
		};
/* End PBXContainerItemProxy section */

/* Begin PBXFileReference section */
		984239742AC8E35C009E8D7D /* TicTacToeJobber.app */ = {isa = PBXFileReference; explicitFileType = wrapper.application; includeInIndex = 0; path = TicTacToeJobber.app; sourceTree = BUILT_PRODUCTS_DIR; };
		984239772AC8E35C009E8D7D /* TicTacToeJobberApp.swift */ = {isa = PBXFileReference; lastKnownFileType = sourcecode.swift; path = TicTacToeJobberApp.swift; sourceTree = "<group>"; };
		984239792AC8E35C009E8D7D /* ContentView.swift */ = {isa = PBXFileReference; lastKnownFileType = sourcecode.swift; path = ContentView.swift; sourceTree = "<group>"; };
		9842397B2AC8E35E009E8D7D /* Assets.xcassets */ = {isa = PBXFileReference; lastKnownFileType = folder.assetcatalog; path = Assets.xcassets; sourceTree = "<group>"; };
		9842397E2AC8E35E009E8D7D /* Preview Assets.xcassets */ = {isa = PBXFileReference; lastKnownFileType = folder.assetcatalog; path = "Preview Assets.xcassets"; sourceTree = "<group>"; };
		984239852AC8E51D009E8D7D /* README.md */ = {isa = PBXFileReference; fileEncoding = 4; lastKnownFileType = net.daringfireball.markdown; path = README.md; sourceTree = "<group>"; };
		984239892AC8EA43009E8D7D /* CellView.swift */ = {isa = PBXFileReference; lastKnownFileType = sourcecode.swift; path = CellView.swift; sourceTree = "<group>"; };
		9842398C2AC8EA7C009E8D7D /* Mark.swift */ = {isa = PBXFileReference; lastKnownFileType = sourcecode.swift; path = Mark.swift; sourceTree = "<group>"; };
		9842398E2AC8EB3F009E8D7D /* GameViewModel.swift */ = {isa = PBXFileReference; lastKnownFileType = sourcecode.swift; path = GameViewModel.swift; sourceTree = "<group>"; };
		984239902AC8ECAA009E8D7D /* Constants.swift */ = {isa = PBXFileReference; lastKnownFileType = sourcecode.swift; path = Constants.swift; sourceTree = "<group>"; };
		984239962AC8F199009E8D7D /* TicTacToeJobberTests.xctest */ = {isa = PBXFileReference; explicitFileType = wrapper.cfbundle; includeInIndex = 0; path = TicTacToeJobberTests.xctest; sourceTree = BUILT_PRODUCTS_DIR; };
		984239982AC8F199009E8D7D /* CellMarkingTests.swift */ = {isa = PBXFileReference; lastKnownFileType = sourcecode.swift; path = CellMarkingTests.swift; sourceTree = "<group>"; };
		9842399F2AC8F3C8009E8D7D /* BoardStateTests.swift */ = {isa = PBXFileReference; lastKnownFileType = sourcecode.swift; path = BoardStateTests.swift; sourceTree = "<group>"; };
/* End PBXFileReference section */

/* Begin PBXFrameworksBuildPhase section */
		984239712AC8E35C009E8D7D /* Frameworks */ = {
			isa = PBXFrameworksBuildPhase;
			buildActionMask = 2147483647;
			files = (
			);
			runOnlyForDeploymentPostprocessing = 0;
		};
		984239932AC8F199009E8D7D /* Frameworks */ = {
			isa = PBXFrameworksBuildPhase;
			buildActionMask = 2147483647;
			files = (
			);
			runOnlyForDeploymentPostprocessing = 0;
		};
/* End PBXFrameworksBuildPhase section */

/* Begin PBXGroup section */
		9842396B2AC8E35C009E8D7D = {
			isa = PBXGroup;
			children = (
				984239852AC8E51D009E8D7D /* README.md */,
				984239762AC8E35C009E8D7D /* TicTacToeJobber */,
				984239972AC8F199009E8D7D /* TicTacToeJobberTests */,
				984239752AC8E35C009E8D7D /* Products */,
			);
			sourceTree = "<group>";
		};
		984239752AC8E35C009E8D7D /* Products */ = {
			isa = PBXGroup;
			children = (
				984239742AC8E35C009E8D7D /* TicTacToeJobber.app */,
				984239962AC8F199009E8D7D /* TicTacToeJobberTests.xctest */,
			);
			name = Products;
			sourceTree = "<group>";
		};
		984239762AC8E35C009E8D7D /* TicTacToeJobber */ = {
			isa = PBXGroup;
			children = (
				984239772AC8E35C009E8D7D /* TicTacToeJobberApp.swift */,
				984239792AC8E35C009E8D7D /* ContentView.swift */,
				984239902AC8ECAA009E8D7D /* Constants.swift */,
				9842398B2AC8EA6E009E8D7D /* Models */,
				984239882AC8EA31009E8D7D /* Views */,
				9842397B2AC8E35E009E8D7D /* Assets.xcassets */,
				9842397D2AC8E35E009E8D7D /* Preview Content */,
			);
			path = TicTacToeJobber;
			sourceTree = "<group>";
		};
		9842397D2AC8E35E009E8D7D /* Preview Content */ = {
			isa = PBXGroup;
			children = (
				9842397E2AC8E35E009E8D7D /* Preview Assets.xcassets */,
			);
			path = "Preview Content";
			sourceTree = "<group>";
		};
		984239882AC8EA31009E8D7D /* Views */ = {
			isa = PBXGroup;
			children = (
				984239892AC8EA43009E8D7D /* CellView.swift */,
			);
			path = Views;
			sourceTree = "<group>";
		};
		9842398B2AC8EA6E009E8D7D /* Models */ = {
			isa = PBXGroup;
			children = (
				9842398C2AC8EA7C009E8D7D /* Mark.swift */,
				9842398E2AC8EB3F009E8D7D /* GameViewModel.swift */,
			);
			path = Models;
			sourceTree = "<group>";
		};
		984239972AC8F199009E8D7D /* TicTacToeJobberTests */ = {
			isa = PBXGroup;
			children = (
				9842399F2AC8F3C8009E8D7D /* BoardStateTests.swift */,
				984239982AC8F199009E8D7D /* CellMarkingTests.swift */,
			);
			path = TicTacToeJobberTests;
			sourceTree = "<group>";
		};
/* End PBXGroup section */

/* Begin PBXNativeTarget section */
		984239732AC8E35C009E8D7D /* TicTacToeJobber */ = {
			isa = PBXNativeTarget;
			buildConfigurationList = 984239822AC8E35E009E8D7D /* Build configuration list for PBXNativeTarget "TicTacToeJobber" */;
			buildPhases = (
				984239702AC8E35C009E8D7D /* Sources */,
				984239712AC8E35C009E8D7D /* Frameworks */,
				984239722AC8E35C009E8D7D /* Resources */,
			);
			buildRules = (
			);
			dependencies = (
			);
			name = TicTacToeJobber;
			productName = TicTacToeJobber;
			productReference = 984239742AC8E35C009E8D7D /* TicTacToeJobber.app */;
			productType = "com.apple.product-type.application";
		};
		984239952AC8F199009E8D7D /* TicTacToeJobberTests */ = {
			isa = PBXNativeTarget;
			buildConfigurationList = 9842399C2AC8F199009E8D7D /* Build configuration list for PBXNativeTarget "TicTacToeJobberTests" */;
			buildPhases = (
				984239922AC8F199009E8D7D /* Sources */,
				984239932AC8F199009E8D7D /* Frameworks */,
				984239942AC8F199009E8D7D /* Resources */,
			);
			buildRules = (
			);
			dependencies = (
				9842399B2AC8F199009E8D7D /* PBXTargetDependency */,
			);
			name = TicTacToeJobberTests;
			productName = TicTacToeJobberTests;
			productReference = 984239962AC8F199009E8D7D /* TicTacToeJobberTests.xctest */;
			productType = "com.apple.product-type.bundle.unit-test";
		};
/* End PBXNativeTarget section */

/* Begin PBXProject section */
		9842396C2AC8E35C009E8D7D /* Project object */ = {
			isa = PBXProject;
			attributes = {
				BuildIndependentTargetsInParallel = 1;
				LastSwiftUpdateCheck = 1500;
				LastUpgradeCheck = 1500;
				TargetAttributes = {
					984239732AC8E35C009E8D7D = {
						CreatedOnToolsVersion = 15.0;
					};
					984239952AC8F199009E8D7D = {
						CreatedOnToolsVersion = 15.0;
						TestTargetID = 984239732AC8E35C009E8D7D;
					};
				};
			};
			buildConfigurationList = 9842396F2AC8E35C009E8D7D /* Build configuration list for PBXProject "TicTacToeJobber" */;
			compatibilityVersion = "Xcode 14.0";
			developmentRegion = en;
			hasScannedForEncodings = 0;
			knownRegions = (
				en,
				Base,
			);
			mainGroup = 9842396B2AC8E35C009E8D7D;
			productRefGroup = 984239752AC8E35C009E8D7D /* Products */;
			projectDirPath = "";
			projectRoot = "";
			targets = (
				984239732AC8E35C009E8D7D /* TicTacToeJobber */,
				984239952AC8F199009E8D7D /* TicTacToeJobberTests */,
			);
		};
/* End PBXProject section */

/* Begin PBXResourcesBuildPhase section */
		984239722AC8E35C009E8D7D /* Resources */ = {
			isa = PBXResourcesBuildPhase;
			buildActionMask = 2147483647;
			files = (
				984239862AC8E51D009E8D7D /* README.md in Resources */,
				9842397F2AC8E35E009E8D7D /* Preview Assets.xcassets in Resources */,
				9842397C2AC8E35E009E8D7D /* Assets.xcassets in Resources */,
			);
			runOnlyForDeploymentPostprocessing = 0;
		};
		984239942AC8F199009E8D7D /* Resources */ = {
			isa = PBXResourcesBuildPhase;
			buildActionMask = 2147483647;
			files = (
			);
			runOnlyForDeploymentPostprocessing = 0;
		};
/* End PBXResourcesBuildPhase section */

/* Begin PBXSourcesBuildPhase section */
		984239702AC8E35C009E8D7D /* Sources */ = {
			isa = PBXSourcesBuildPhase;
			buildActionMask = 2147483647;
			files = (
				9842398D2AC8EA7C009E8D7D /* Mark.swift in Sources */,
				9842397A2AC8E35C009E8D7D /* ContentView.swift in Sources */,
				984239782AC8E35C009E8D7D /* TicTacToeJobberApp.swift in Sources */,
				9842398F2AC8EB3F009E8D7D /* GameViewModel.swift in Sources */,
				9842398A2AC8EA43009E8D7D /* CellView.swift in Sources */,
				984239912AC8ECAA009E8D7D /* Constants.swift in Sources */,
			);
			runOnlyForDeploymentPostprocessing = 0;
		};
		984239922AC8F199009E8D7D /* Sources */ = {
			isa = PBXSourcesBuildPhase;
			buildActionMask = 2147483647;
			files = (
				984239A02AC8F3C8009E8D7D /* BoardStateTests.swift in Sources */,
				984239992AC8F199009E8D7D /* CellMarkingTests.swift in Sources */,
			);
			runOnlyForDeploymentPostprocessing = 0;
		};
/* End PBXSourcesBuildPhase section */

/* Begin PBXTargetDependency section */
		9842399B2AC8F199009E8D7D /* PBXTargetDependency */ = {
			isa = PBXTargetDependency;
			target = 984239732AC8E35C009E8D7D /* TicTacToeJobber */;
			targetProxy = 9842399A2AC8F199009E8D7D /* PBXContainerItemProxy */;
		};
/* End PBXTargetDependency section */

/* Begin XCBuildConfiguration section */
		984239802AC8E35E009E8D7D /* Debug */ = {
			isa = XCBuildConfiguration;
			buildSettings = {
				ALWAYS_SEARCH_USER_PATHS = NO;
				ASSETCATALOG_COMPILER_GENERATE_SWIFT_ASSET_SYMBOL_EXTENSIONS = YES;
				CLANG_ANALYZER_NONNULL = YES;
				CLANG_ANALYZER_NUMBER_OBJECT_CONVERSION = YES_AGGRESSIVE;
				CLANG_CXX_LANGUAGE_STANDARD = "gnu++20";
				CLANG_ENABLE_MODULES = YES;
				CLANG_ENABLE_OBJC_ARC = YES;
				CLANG_ENABLE_OBJC_WEAK = YES;
				CLANG_WARN_BLOCK_CAPTURE_AUTORELEASING = YES;
				CLANG_WARN_BOOL_CONVERSION = YES;
				CLANG_WARN_COMMA = YES;
				CLANG_WARN_CONSTANT_CONVERSION = YES;
				CLANG_WARN_DEPRECATED_OBJC_IMPLEMENTATIONS = YES;
				CLANG_WARN_DIRECT_OBJC_ISA_USAGE = YES_ERROR;
				CLANG_WARN_DOCUMENTATION_COMMENTS = YES;
				CLANG_WARN_EMPTY_BODY = YES;
				CLANG_WARN_ENUM_CONVERSION = YES;
				CLANG_WARN_INFINITE_RECURSION = YES;
				CLANG_WARN_INT_CONVERSION = YES;
				CLANG_WARN_NON_LITERAL_NULL_CONVERSION = YES;
				CLANG_WARN_OBJC_IMPLICIT_RETAIN_SELF = YES;
				CLANG_WARN_OBJC_LITERAL_CONVERSION = YES;
				CLANG_WARN_OBJC_ROOT_CLASS = YES_ERROR;
				CLANG_WARN_QUOTED_INCLUDE_IN_FRAMEWORK_HEADER = YES;
				CLANG_WARN_RANGE_LOOP_ANALYSIS = YES;
				CLANG_WARN_STRICT_PROTOTYPES = YES;
				CLANG_WARN_SUSPICIOUS_MOVE = YES;
				CLANG_WARN_UNGUARDED_AVAILABILITY = YES_AGGRESSIVE;
				CLANG_WARN_UNREACHABLE_CODE = YES;
				CLANG_WARN__DUPLICATE_METHOD_MATCH = YES;
				COPY_PHASE_STRIP = NO;
				DEBUG_INFORMATION_FORMAT = dwarf;
				ENABLE_STRICT_OBJC_MSGSEND = YES;
				ENABLE_TESTABILITY = YES;
				ENABLE_USER_SCRIPT_SANDBOXING = YES;
				GCC_C_LANGUAGE_STANDARD = gnu17;
				GCC_DYNAMIC_NO_PIC = NO;
				GCC_NO_COMMON_BLOCKS = YES;
				GCC_OPTIMIZATION_LEVEL = 0;
				GCC_PREPROCESSOR_DEFINITIONS = (
					"DEBUG=1",
					"$(inherited)",
				);
				GCC_WARN_64_TO_32_BIT_CONVERSION = YES;
				GCC_WARN_ABOUT_RETURN_TYPE = YES_ERROR;
				GCC_WARN_UNDECLARED_SELECTOR = YES;
				GCC_WARN_UNINITIALIZED_AUTOS = YES_AGGRESSIVE;
				GCC_WARN_UNUSED_FUNCTION = YES;
				GCC_WARN_UNUSED_VARIABLE = YES;
				IPHONEOS_DEPLOYMENT_TARGET = 17.0;
				LOCALIZATION_PREFERS_STRING_CATALOGS = YES;
				MTL_ENABLE_DEBUG_INFO = INCLUDE_SOURCE;
				MTL_FAST_MATH = YES;
				ONLY_ACTIVE_ARCH = YES;
				SDKROOT = iphoneos;
				SWIFT_ACTIVE_COMPILATION_CONDITIONS = "DEBUG $(inherited)";
				SWIFT_OPTIMIZATION_LEVEL = "-Onone";
			};
			name = Debug;
		};
		984239812AC8E35E009E8D7D /* Release */ = {
			isa = XCBuildConfiguration;
			buildSettings = {
				ALWAYS_SEARCH_USER_PATHS = NO;
				ASSETCATALOG_COMPILER_GENERATE_SWIFT_ASSET_SYMBOL_EXTENSIONS = YES;
				CLANG_ANALYZER_NONNULL = YES;
				CLANG_ANALYZER_NUMBER_OBJECT_CONVERSION = YES_AGGRESSIVE;
				CLANG_CXX_LANGUAGE_STANDARD = "gnu++20";
				CLANG_ENABLE_MODULES = YES;
				CLANG_ENABLE_OBJC_ARC = YES;
				CLANG_ENABLE_OBJC_WEAK = YES;
				CLANG_WARN_BLOCK_CAPTURE_AUTORELEASING = YES;
				CLANG_WARN_BOOL_CONVERSION = YES;
				CLANG_WARN_COMMA = YES;
				CLANG_WARN_CONSTANT_CONVERSION = YES;
				CLANG_WARN_DEPRECATED_OBJC_IMPLEMENTATIONS = YES;
				CLANG_WARN_DIRECT_OBJC_ISA_USAGE = YES_ERROR;
				CLANG_WARN_DOCUMENTATION_COMMENTS = YES;
				CLANG_WARN_EMPTY_BODY = YES;
				CLANG_WARN_ENUM_CONVERSION = YES;
				CLANG_WARN_INFINITE_RECURSION = YES;
				CLANG_WARN_INT_CONVERSION = YES;
				CLANG_WARN_NON_LITERAL_NULL_CONVERSION = YES;
				CLANG_WARN_OBJC_IMPLICIT_RETAIN_SELF = YES;
				CLANG_WARN_OBJC_LITERAL_CONVERSION = YES;
				CLANG_WARN_OBJC_ROOT_CLASS = YES_ERROR;
				CLANG_WARN_QUOTED_INCLUDE_IN_FRAMEWORK_HEADER = YES;
				CLANG_WARN_RANGE_LOOP_ANALYSIS = YES;
				CLANG_WARN_STRICT_PROTOTYPES = YES;
				CLANG_WARN_SUSPICIOUS_MOVE = YES;
				CLANG_WARN_UNGUARDED_AVAILABILITY = YES_AGGRESSIVE;
				CLANG_WARN_UNREACHABLE_CODE = YES;
				CLANG_WARN__DUPLICATE_METHOD_MATCH = YES;
				COPY_PHASE_STRIP = NO;
				DEBUG_INFORMATION_FORMAT = "dwarf-with-dsym";
				ENABLE_NS_ASSERTIONS = NO;
				ENABLE_STRICT_OBJC_MSGSEND = YES;
				ENABLE_USER_SCRIPT_SANDBOXING = YES;
				GCC_C_LANGUAGE_STANDARD = gnu17;
				GCC_NO_COMMON_BLOCKS = YES;
				GCC_WARN_64_TO_32_BIT_CONVERSION = YES;
				GCC_WARN_ABOUT_RETURN_TYPE = YES_ERROR;
				GCC_WARN_UNDECLARED_SELECTOR = YES;
				GCC_WARN_UNINITIALIZED_AUTOS = YES_AGGRESSIVE;
				GCC_WARN_UNUSED_FUNCTION = YES;
				GCC_WARN_UNUSED_VARIABLE = YES;
				IPHONEOS_DEPLOYMENT_TARGET = 17.0;
				LOCALIZATION_PREFERS_STRING_CATALOGS = YES;
				MTL_ENABLE_DEBUG_INFO = NO;
				MTL_FAST_MATH = YES;
				SDKROOT = iphoneos;
				SWIFT_COMPILATION_MODE = wholemodule;
				VALIDATE_PRODUCT = YES;
			};
			name = Release;
		};
		984239832AC8E35E009E8D7D /* Debug */ = {
			isa = XCBuildConfiguration;
			buildSettings = {
				ASSETCATALOG_COMPILER_APPICON_NAME = AppIcon;
				ASSETCATALOG_COMPILER_GLOBAL_ACCENT_COLOR_NAME = AccentColor;
				CODE_SIGN_STYLE = Automatic;
				CURRENT_PROJECT_VERSION = 1;
				DEVELOPMENT_ASSET_PATHS = "\"TicTacToeJobber/Preview Content\"";
				DEVELOPMENT_TEAM = 5F35F2ZNFF;
				ENABLE_PREVIEWS = YES;
				GENERATE_INFOPLIST_FILE = YES;
				INFOPLIST_KEY_UIApplicationSceneManifest_Generation = YES;
				INFOPLIST_KEY_UIApplicationSupportsIndirectInputEvents = YES;
				INFOPLIST_KEY_UILaunchScreen_Generation = YES;
				INFOPLIST_KEY_UISupportedInterfaceOrientations = UIInterfaceOrientationPortrait;
				IPHONEOS_DEPLOYMENT_TARGET = 16.0;
				LD_RUNPATH_SEARCH_PATHS = (
					"$(inherited)",
					"@executable_path/Frameworks",
				);
				MARKETING_VERSION = 1.0;
				PRODUCT_BUNDLE_IDENTIFIER = com.calvinaquino.TicTacToeJobber;
				PRODUCT_NAME = "$(TARGET_NAME)";
				SWIFT_EMIT_LOC_STRINGS = YES;
				SWIFT_VERSION = 5.0;
				TARGETED_DEVICE_FAMILY = "1,2";
			};
			name = Debug;
		};
		984239842AC8E35E009E8D7D /* Release */ = {
			isa = XCBuildConfiguration;
			buildSettings = {
				ASSETCATALOG_COMPILER_APPICON_NAME = AppIcon;
				ASSETCATALOG_COMPILER_GLOBAL_ACCENT_COLOR_NAME = AccentColor;
				CODE_SIGN_STYLE = Automatic;
				CURRENT_PROJECT_VERSION = 1;
				DEVELOPMENT_ASSET_PATHS = "\"TicTacToeJobber/Preview Content\"";
				DEVELOPMENT_TEAM = 5F35F2ZNFF;
				ENABLE_PREVIEWS = YES;
				GENERATE_INFOPLIST_FILE = YES;
				INFOPLIST_KEY_UIApplicationSceneManifest_Generation = YES;
				INFOPLIST_KEY_UIApplicationSupportsIndirectInputEvents = YES;
				INFOPLIST_KEY_UILaunchScreen_Generation = YES;
				INFOPLIST_KEY_UISupportedInterfaceOrientations = UIInterfaceOrientationPortrait;
				IPHONEOS_DEPLOYMENT_TARGET = 16.0;
				LD_RUNPATH_SEARCH_PATHS = (
					"$(inherited)",
					"@executable_path/Frameworks",
				);
				MARKETING_VERSION = 1.0;
				PRODUCT_BUNDLE_IDENTIFIER = com.calvinaquino.TicTacToeJobber;
				PRODUCT_NAME = "$(TARGET_NAME)";
				SWIFT_EMIT_LOC_STRINGS = YES;
				SWIFT_VERSION = 5.0;
				TARGETED_DEVICE_FAMILY = "1,2";
			};
			name = Release;
		};
		9842399D2AC8F199009E8D7D /* Debug */ = {
			isa = XCBuildConfiguration;
			buildSettings = {
				BUNDLE_LOADER = "$(TEST_HOST)";
				CODE_SIGN_STYLE = Automatic;
				CURRENT_PROJECT_VERSION = 1;
				DEVELOPMENT_TEAM = 5F35F2ZNFF;
				GENERATE_INFOPLIST_FILE = YES;
				MARKETING_VERSION = 1.0;
				PRODUCT_BUNDLE_IDENTIFIER = com.calvinaquino.TicTacToeJobberTests;
				PRODUCT_NAME = "$(TARGET_NAME)";
				SWIFT_EMIT_LOC_STRINGS = NO;
				SWIFT_VERSION = 5.0;
				TARGETED_DEVICE_FAMILY = "1,2";
				TEST_HOST = "$(BUILT_PRODUCTS_DIR)/TicTacToeJobber.app/$(BUNDLE_EXECUTABLE_FOLDER_PATH)/TicTacToeJobber";
			};
			name = Debug;
		};
		9842399E2AC8F199009E8D7D /* Release */ = {
			isa = XCBuildConfiguration;
			buildSettings = {
				BUNDLE_LOADER = "$(TEST_HOST)";
				CODE_SIGN_STYLE = Automatic;
				CURRENT_PROJECT_VERSION = 1;
				DEVELOPMENT_TEAM = 5F35F2ZNFF;
				GENERATE_INFOPLIST_FILE = YES;
				MARKETING_VERSION = 1.0;
				PRODUCT_BUNDLE_IDENTIFIER = com.calvinaquino.TicTacToeJobberTests;
				PRODUCT_NAME = "$(TARGET_NAME)";
				SWIFT_EMIT_LOC_STRINGS = NO;
				SWIFT_VERSION = 5.0;
				TARGETED_DEVICE_FAMILY = "1,2";
				TEST_HOST = "$(BUILT_PRODUCTS_DIR)/TicTacToeJobber.app/$(BUNDLE_EXECUTABLE_FOLDER_PATH)/TicTacToeJobber";
			};
			name = Release;
		};
/* End XCBuildConfiguration section */

/* Begin XCConfigurationList section */
		9842396F2AC8E35C009E8D7D /* Build configuration list for PBXProject "TicTacToeJobber" */ = {
			isa = XCConfigurationList;
			buildConfigurations = (
				984239802AC8E35E009E8D7D /* Debug */,
				984239812AC8E35E009E8D7D /* Release */,
			);
			defaultConfigurationIsVisible = 0;
			defaultConfigurationName = Release;
		};
		984239822AC8E35E009E8D7D /* Build configuration list for PBXNativeTarget "TicTacToeJobber" */ = {
			isa = XCConfigurationList;
			buildConfigurations = (
				984239832AC8E35E009E8D7D /* Debug */,
				984239842AC8E35E009E8D7D /* Release */,
			);
			defaultConfigurationIsVisible = 0;
			defaultConfigurationName = Release;
		};
		9842399C2AC8F199009E8D7D /* Build configuration list for PBXNativeTarget "TicTacToeJobberTests" */ = {
			isa = XCConfigurationList;
			buildConfigurations = (
				9842399D2AC8F199009E8D7D /* Debug */,
				9842399E2AC8F199009E8D7D /* Release */,
			);
			defaultConfigurationIsVisible = 0;
			defaultConfigurationName = Release;
		};
/* End XCConfigurationList section */
	};
	rootObject = 9842396C2AC8E35C009E8D7D /* Project object */;
}
